
Microsoft Visual Studio Solution File, Format Version 12.00
# Visual Studio Version 17
VisualStudioVersion = 17.8.34511.84
MinimumVisualStudioVersion = 10.0.40219.1
Project("{FAE04EC0-301F-11D3-BF4B-00C04F79EFBC}") = "Labirynt_kod", "Labirynt_kod.csproj", "{11566D0D-2745-4A4D-89FA-61EDCDB62EF1}"
EndProject
Global
	GlobalSection(SolutionConfigurationPlatforms) = preSolution
		Debug|Any CPU = Debug|Any CPU
		Release|Any CPU = Release|Any CPU
	EndGlobalSection
	GlobalSection(ProjectConfigurationPlatforms) = postSolution
		{11566D0D-2745-4A4D-89FA-61EDCDB62EF1}.Debug|Any CPU.ActiveCfg = Debug|Any CPU
		{11566D0D-2745-4A4D-89FA-61EDCDB62EF1}.Debug|Any CPU.Build.0 = Debug|Any CPU
		{11566D0D-2745-4A4D-89FA-61EDCDB62EF1}.Release|Any CPU.ActiveCfg = Release|Any CPU
		{11566D0D-2745-4A4D-89FA-61EDCDB62EF1}.Release|Any CPU.Build.0 = Release|Any CPU
	EndGlobalSection
	GlobalSection(SolutionProperties) = preSolution
		HideSolutionNode = FALSE
	EndGlobalSection
	GlobalSection(ExtensibilityGlobals) = postSolution
		SolutionGuid = {36E4E769-481C-4DD5-9C6B-E387E427F2C2}
	EndGlobalSection
EndGlobal
