
Microsoft Visual Studio Solution File, Format Version 12.00
# Visual Studio Version 17
VisualStudioVersion = 17.8.34525.116
MinimumVisualStudioVersion = 10.0.40219.1
Project("{9A19103F-16F7-4668-BE54-9A1E7A4F7556}") = "Labirynt", "Labirynt.csproj", "{84B5B343-BF47-4632-9C22-17BC6668D709}"
EndProject
Project("{9A19103F-16F7-4668-BE54-9A1E7A4F7556}") = "Labirynt_kod", "bin\Debug\net8.0-windows\Labirynt_kod.csproj", "{5E5ABDDF-EA52-4723-A30E-AE03CE000229}"
EndProject
Global
	GlobalSection(SolutionConfigurationPlatforms) = preSolution
		Debug|Any CPU = Debug|Any CPU
		Release|Any CPU = Release|Any CPU
	EndGlobalSection
	GlobalSection(ProjectConfigurationPlatforms) = postSolution
		{84B5B343-BF47-4632-9C22-17BC6668D709}.Debug|Any CPU.ActiveCfg = Debug|Any CPU
		{84B5B343-BF47-4632-9C22-17BC6668D709}.Debug|Any CPU.Build.0 = Debug|Any CPU
		{84B5B343-BF47-4632-9C22-17BC6668D709}.Release|Any CPU.ActiveCfg = Release|Any CPU
		{84B5B343-BF47-4632-9C22-17BC6668D709}.Release|Any CPU.Build.0 = Release|Any CPU
		{5E5ABDDF-EA52-4723-A30E-AE03CE000229}.Debug|Any CPU.ActiveCfg = Debug|Any CPU
		{5E5ABDDF-EA52-4723-A30E-AE03CE000229}.Debug|Any CPU.Build.0 = Debug|Any CPU
		{5E5ABDDF-EA52-4723-A30E-AE03CE000229}.Release|Any CPU.ActiveCfg = Release|Any CPU
		{5E5ABDDF-EA52-4723-A30E-AE03CE000229}.Release|Any CPU.Build.0 = Release|Any CPU
	EndGlobalSection
	GlobalSection(SolutionProperties) = preSolution
		HideSolutionNode = FALSE
	EndGlobalSection
	GlobalSection(ExtensibilityGlobals) = postSolution
		SolutionGuid = {40D7DE45-A19F-4A41-9020-C2E08258BF72}
	EndGlobalSection
EndGlobal
